
Microsoft Visual Studio Solution File, Format Version 12.00
Project("{FAE04EC0-301F-11D3-BF4B-00C04F79EFBC}") = "ToursAPI", "ToursAPI\ToursAPI.csproj", "{951B2C4F-C30E-45EE-AEF5-34445CC871B7}"
EndProject
Project("{FAE04EC0-301F-11D3-BF4B-00C04F79EFBC}") = "ToursWeb", "ToursWeb\ToursWeb.csproj", "{7A8C420B-D03E-4D08-9ED1-E3A08AE2B031}"
EndProject
Global
	GlobalSection(SolutionConfigurationPlatforms) = preSolution
		Debug|Any CPU = Debug|Any CPU
		Release|Any CPU = Release|Any CPU
	EndGlobalSection
	GlobalSection(ProjectConfigurationPlatforms) = postSolution
		{951B2C4F-C30E-45EE-AEF5-34445CC871B7}.Debug|Any CPU.ActiveCfg = Debug|Any CPU
		{951B2C4F-C30E-45EE-AEF5-34445CC871B7}.Debug|Any CPU.Build.0 = Debug|Any CPU
		{951B2C4F-C30E-45EE-AEF5-34445CC871B7}.Release|Any CPU.ActiveCfg = Release|Any CPU
		{951B2C4F-C30E-45EE-AEF5-34445CC871B7}.Release|Any CPU.Build.0 = Release|Any CPU
		{7A8C420B-D03E-4D08-9ED1-E3A08AE2B031}.Debug|Any CPU.ActiveCfg = Debug|Any CPU
		{7A8C420B-D03E-4D08-9ED1-E3A08AE2B031}.Debug|Any CPU.Build.0 = Debug|Any CPU
		{7A8C420B-D03E-4D08-9ED1-E3A08AE2B031}.Release|Any CPU.ActiveCfg = Release|Any CPU
		{7A8C420B-D03E-4D08-9ED1-E3A08AE2B031}.Release|Any CPU.Build.0 = Release|Any CPU
	EndGlobalSection
EndGlobal
