
Microsoft Visual Studio Solution File, Format Version 12.00
# Visual Studio Version 16
VisualStudioVersion = 16.0.31205.134
MinimumVisualStudioVersion = 10.0.40219.1
Project("{FAE04EC0-301F-11D3-BF4B-00C04F79EFBC}") = "ToursWeb", "ToursWeb\ToursWeb.csproj", "{601EAD94-9673-40EA-9E3C-FF5FA4B13A1B}"
EndProject
Project("{FAE04EC0-301F-11D3-BF4B-00C04F79EFBC}") = "ToursAPI", "ToursAPI\ToursAPI.csproj", "{C952ED93-6CF2-468A-98B0-8133BF4E42A7}"
EndProject
Global
	GlobalSection(SolutionConfigurationPlatforms) = preSolution
		Debug|Any CPU = Debug|Any CPU
		Release|Any CPU = Release|Any CPU
	EndGlobalSection
	GlobalSection(ProjectConfigurationPlatforms) = postSolution
		{601EAD94-9673-40EA-9E3C-FF5FA4B13A1B}.Debug|Any CPU.ActiveCfg = Debug|Any CPU
		{601EAD94-9673-40EA-9E3C-FF5FA4B13A1B}.Debug|Any CPU.Build.0 = Debug|Any CPU
		{601EAD94-9673-40EA-9E3C-FF5FA4B13A1B}.Release|Any CPU.ActiveCfg = Release|Any CPU
		{601EAD94-9673-40EA-9E3C-FF5FA4B13A1B}.Release|Any CPU.Build.0 = Release|Any CPU
		{C952ED93-6CF2-468A-98B0-8133BF4E42A7}.Debug|Any CPU.ActiveCfg = Debug|Any CPU
		{C952ED93-6CF2-468A-98B0-8133BF4E42A7}.Debug|Any CPU.Build.0 = Debug|Any CPU
		{C952ED93-6CF2-468A-98B0-8133BF4E42A7}.Release|Any CPU.ActiveCfg = Release|Any CPU
		{C952ED93-6CF2-468A-98B0-8133BF4E42A7}.Release|Any CPU.Build.0 = Release|Any CPU
	EndGlobalSection
	GlobalSection(SolutionProperties) = preSolution
		HideSolutionNode = FALSE
	EndGlobalSection
	GlobalSection(ExtensibilityGlobals) = postSolution
		SolutionGuid = {7D37FCFD-117E-4248-8637-28C5529B166B}
	EndGlobalSection
EndGlobal
